
Microsoft Visual Studio Solution File, Format Version 12.00
# Visual Studio 2015
Project("{FAE04EC0-301F-11D3-BF4B-00C04F79EFBC}") = "pRes.Plugins", "pRes.Plugins.csproj", "{587E0CDD-621F-C4C4-CAE4-C275DE788D21}"
EndProject
Project("{FAE04EC0-301F-11D3-BF4B-00C04F79EFBC}") = "pRes", "pRes.csproj", "{0E0FCE6E-AD28-B33B-29C3-398D841B77E5}"
EndProject
Project("{FAE04EC0-301F-11D3-BF4B-00C04F79EFBC}") = "pRes.Editor.Plugins", "pRes.Editor.Plugins.csproj", "{FA8EB986-6B10-88CA-F768-D4C0283CD05A}"
EndProject
Global
	GlobalSection(SolutionConfigurationPlatforms) = preSolution
		Debug|Any CPU = Debug|Any CPU
		Release|Any CPU = Release|Any CPU
	EndGlobalSection
	GlobalSection(ProjectConfigurationPlatforms) = postSolution
		{587E0CDD-621F-C4C4-CAE4-C275DE788D21}.Debug|Any CPU.ActiveCfg = Debug|Any CPU
		{587E0CDD-621F-C4C4-CAE4-C275DE788D21}.Debug|Any CPU.Build.0 = Debug|Any CPU
		{587E0CDD-621F-C4C4-CAE4-C275DE788D21}.Release|Any CPU.ActiveCfg = Release|Any CPU
		{587E0CDD-621F-C4C4-CAE4-C275DE788D21}.Release|Any CPU.Build.0 = Release|Any CPU
		{0E0FCE6E-AD28-B33B-29C3-398D841B77E5}.Debug|Any CPU.ActiveCfg = Debug|Any CPU
		{0E0FCE6E-AD28-B33B-29C3-398D841B77E5}.Debug|Any CPU.Build.0 = Debug|Any CPU
		{0E0FCE6E-AD28-B33B-29C3-398D841B77E5}.Release|Any CPU.ActiveCfg = Release|Any CPU
		{0E0FCE6E-AD28-B33B-29C3-398D841B77E5}.Release|Any CPU.Build.0 = Release|Any CPU
		{FA8EB986-6B10-88CA-F768-D4C0283CD05A}.Debug|Any CPU.ActiveCfg = Debug|Any CPU
		{FA8EB986-6B10-88CA-F768-D4C0283CD05A}.Debug|Any CPU.Build.0 = Debug|Any CPU
		{FA8EB986-6B10-88CA-F768-D4C0283CD05A}.Release|Any CPU.ActiveCfg = Release|Any CPU
		{FA8EB986-6B10-88CA-F768-D4C0283CD05A}.Release|Any CPU.Build.0 = Release|Any CPU
	EndGlobalSection
	GlobalSection(SolutionProperties) = preSolution
		HideSolutionNode = FALSE
	EndGlobalSection
EndGlobal
