Microsoft Visual Studio Solution File, Format Version 11.00
# Visual Studio 2008

Project("{006465FF-E39B-27EA-55E3-55A2E78DB3CE}") = "pRes", "Assembly-CSharp-firstpass.csproj", "{81F392D4-997C-AAA0-C8A4-6F6128F87396}"
EndProject
Project("{006465FF-E39B-27EA-55E3-55A2E78DB3CE}") = "pRes", "Assembly-CSharp.csproj", "{56103489-C7E9-88BE-2103-351CB1ABF4D2}"
EndProject
Project("{006465FF-E39B-27EA-55E3-55A2E78DB3CE}") = "pRes", "Assembly-CSharp-Editor-firstpass.csproj", "{6A37D650-0E9C-56CF-6175-E288936E1306}"
EndProject
Global
	GlobalSection(SolutionConfigurationPlatforms) = preSolution
		Debug|Any CPU = Debug|Any CPU
		Release|Any CPU = Release|Any CPU
	EndGlobalSection
	GlobalSection(ProjectConfigurationPlatforms) = postSolution
		{81F392D4-997C-AAA0-C8A4-6F6128F87396}.Debug|Any CPU.ActiveCfg = Debug|Any CPU
		{81F392D4-997C-AAA0-C8A4-6F6128F87396}.Debug|Any CPU.Build.0 = Debug|Any CPU
		{81F392D4-997C-AAA0-C8A4-6F6128F87396}.Release|Any CPU.ActiveCfg = Release|Any CPU
		{81F392D4-997C-AAA0-C8A4-6F6128F87396}.Release|Any CPU.Build.0 = Release|Any CPU
		{56103489-C7E9-88BE-2103-351CB1ABF4D2}.Debug|Any CPU.ActiveCfg = Debug|Any CPU
		{56103489-C7E9-88BE-2103-351CB1ABF4D2}.Debug|Any CPU.Build.0 = Debug|Any CPU
		{56103489-C7E9-88BE-2103-351CB1ABF4D2}.Release|Any CPU.ActiveCfg = Release|Any CPU
		{56103489-C7E9-88BE-2103-351CB1ABF4D2}.Release|Any CPU.Build.0 = Release|Any CPU
		{6A37D650-0E9C-56CF-6175-E288936E1306}.Debug|Any CPU.ActiveCfg = Debug|Any CPU
		{6A37D650-0E9C-56CF-6175-E288936E1306}.Debug|Any CPU.Build.0 = Debug|Any CPU
		{6A37D650-0E9C-56CF-6175-E288936E1306}.Release|Any CPU.ActiveCfg = Release|Any CPU
		{6A37D650-0E9C-56CF-6175-E288936E1306}.Release|Any CPU.Build.0 = Release|Any CPU
	EndGlobalSection
	GlobalSection(SolutionProperties) = preSolution
		HideSolutionNode = FALSE
	EndGlobalSection
	GlobalSection(MonoDevelopProperties) = preSolution
		StartupItem = Assembly-CSharp.csproj
	EndGlobalSection
EndGlobal
